
Microsoft Visual Studio Solution File, Format Version 12.00
# Visual Studio Version 17
VisualStudioVersion = 17.3.32825.248
MinimumVisualStudioVersion = 10.0.40219.1
Project("{FAE04EC0-301F-11D3-BF4B-00C04F79EFBC}") = "SistemaDePedidos", "SistemaDePedidos\SistemaDePedidos.csproj", "{BFBF28D9-C70E-4824-9E04-53735DE72051}"
EndProject
Global
	GlobalSection(SolutionConfigurationPlatforms) = preSolution
		Debug|Any CPU = Debug|Any CPU
		Release|Any CPU = Release|Any CPU
	EndGlobalSection
	GlobalSection(ProjectConfigurationPlatforms) = postSolution
		{BFBF28D9-C70E-4824-9E04-53735DE72051}.Debug|Any CPU.ActiveCfg = Debug|Any CPU
		{BFBF28D9-C70E-4824-9E04-53735DE72051}.Debug|Any CPU.Build.0 = Debug|Any CPU
		{BFBF28D9-C70E-4824-9E04-53735DE72051}.Release|Any CPU.ActiveCfg = Release|Any CPU
		{BFBF28D9-C70E-4824-9E04-53735DE72051}.Release|Any CPU.Build.0 = Release|Any CPU
	EndGlobalSection
	GlobalSection(SolutionProperties) = preSolution
		HideSolutionNode = FALSE
	EndGlobalSection
	GlobalSection(ExtensibilityGlobals) = postSolution
		SolutionGuid = {C4F47F57-3092-4278-8D56-5D51F3B3C01E}
	EndGlobalSection
EndGlobal
